
Microsoft Visual Studio Solution File, Format Version 12.00
# Visual Studio Version 16
VisualStudioVersion = 16.0.31410.357
MinimumVisualStudioVersion = 10.0.40219.1
Project("{FAE04EC0-301F-11D3-BF4B-00C04F79EFBC}") = "Mirror.EntityFramework.Toolkit.Core", "Mirror.EntityFramework.Toolkit.Core.csproj", "{D5009AE2-3E26-4F4E-9845-A3DC9799239D}"
EndProject
Global
	GlobalSection(SolutionConfigurationPlatforms) = preSolution
		Debug|Any CPU = Debug|Any CPU
		Release|Any CPU = Release|Any CPU
	EndGlobalSection
	GlobalSection(ProjectConfigurationPlatforms) = postSolution
		{D5009AE2-3E26-4F4E-9845-A3DC9799239D}.Debug|Any CPU.ActiveCfg = Debug|Any CPU
		{D5009AE2-3E26-4F4E-9845-A3DC9799239D}.Debug|Any CPU.Build.0 = Debug|Any CPU
		{D5009AE2-3E26-4F4E-9845-A3DC9799239D}.Release|Any CPU.ActiveCfg = Release|Any CPU
		{D5009AE2-3E26-4F4E-9845-A3DC9799239D}.Release|Any CPU.Build.0 = Release|Any CPU
	EndGlobalSection
	GlobalSection(SolutionProperties) = preSolution
		HideSolutionNode = FALSE
	EndGlobalSection
	GlobalSection(ExtensibilityGlobals) = postSolution
		SolutionGuid = {3836D735-E38B-41F9-93C1-088FCD5D90D0}
	EndGlobalSection
EndGlobal
